
Microsoft Visual Studio Solution File, Format Version 12.00
# Visual Studio Version 16
VisualStudioVersion = 16.0.31424.327
MinimumVisualStudioVersion = 10.0.40219.1
Project("{FAE04EC0-301F-11D3-BF4B-00C04F79EFBC}") = "AAMS", "AAMS.csproj", "{4757E693-FDCC-4A42-A886-485DA3A36350}"
EndProject
Global
	GlobalSection(SolutionConfigurationPlatforms) = preSolution
		Debug|Any CPU = Debug|Any CPU
		Release|Any CPU = Release|Any CPU
	EndGlobalSection
	GlobalSection(ProjectConfigurationPlatforms) = postSolution
		{4757E693-FDCC-4A42-A886-485DA3A36350}.Debug|Any CPU.ActiveCfg = Debug|Any CPU
		{4757E693-FDCC-4A42-A886-485DA3A36350}.Debug|Any CPU.Build.0 = Debug|Any CPU
		{4757E693-FDCC-4A42-A886-485DA3A36350}.Release|Any CPU.ActiveCfg = Release|Any CPU
		{4757E693-FDCC-4A42-A886-485DA3A36350}.Release|Any CPU.Build.0 = Release|Any CPU
	EndGlobalSection
	GlobalSection(SolutionProperties) = preSolution
		HideSolutionNode = FALSE
	EndGlobalSection
	GlobalSection(ExtensibilityGlobals) = postSolution
		SolutionGuid = {A68BF8AC-B90A-457B-88F5-5E05F51A8D17}
	EndGlobalSection
EndGlobal
